
Microsoft Visual Studio Solution File, Format Version 12.00
# Visual Studio Version 16
VisualStudioVersion = 16.0.28803.156
MinimumVisualStudioVersion = 10.0.40219.1
Project("{9A19103F-16F7-4668-BE54-9A1E7A4F7556}") = "Timeinator.Core", "..\Backend\Timeinator.Core\Timeinator.Core.csproj", "{AE3E20C1-CC67-4A86-A7FE-AEB92951C715}"
EndProject
Project("{9A19103F-16F7-4668-BE54-9A1E7A4F7556}") = "Timeinator.Mobile.DataAccess", "Timeinator.Mobile.DataAccess\Timeinator.Mobile.DataAccess.csproj", "{353E215D-8931-4513-9906-5C15DF2655C7}"
EndProject
Project("{2150E333-8FDC-42A3-9474-1A3956D46DE8}") = "Solution Items", "Solution Items", "{32592741-44CA-4510-90D4-922C2A9F7F03}"
	ProjectSection(SolutionItems) = preProject
		.editorconfig = .editorconfig
	EndProjectSection
EndProject
Project("{FAE04EC0-301F-11D3-BF4B-00C04F79EFBC}") = "Timeinator.Mobile.Android", "Timeinator.Mobile.Android\Timeinator.Mobile.Android.csproj", "{3BC0AC7E-3B3B-4D3F-9CC0-B2BDECC460A6}"
EndProject
Project("{9A19103F-16F7-4668-BE54-9A1E7A4F7556}") = "Timeinator.Mobile.Domain", "Timeinator.Mobile.Core\Timeinator.Mobile.Domain.csproj", "{17BBEBF5-BD41-412D-9616-6C7E228F8E4A}"
EndProject
Project("{FAE04EC0-301F-11D3-BF4B-00C04F79EFBC}") = "Timeinator.Mobile.Session", "Timeinator.Mobile.Session\Timeinator.Mobile.Session.csproj", "{C8B8F5F4-A8A7-4B9E-811D-000CF38F6FB6}"
EndProject
Global
	GlobalSection(SolutionConfigurationPlatforms) = preSolution
		Debug|Any CPU = Debug|Any CPU
		Debug|x64 = Debug|x64
		Debug|x86 = Debug|x86
		Release|Any CPU = Release|Any CPU
		Release|x64 = Release|x64
		Release|x86 = Release|x86
	EndGlobalSection
	GlobalSection(ProjectConfigurationPlatforms) = postSolution
		{AE3E20C1-CC67-4A86-A7FE-AEB92951C715}.Debug|Any CPU.ActiveCfg = Debug|Any CPU
		{AE3E20C1-CC67-4A86-A7FE-AEB92951C715}.Debug|Any CPU.Build.0 = Debug|Any CPU
		{AE3E20C1-CC67-4A86-A7FE-AEB92951C715}.Debug|x64.ActiveCfg = Debug|Any CPU
		{AE3E20C1-CC67-4A86-A7FE-AEB92951C715}.Debug|x64.Build.0 = Debug|Any CPU
		{AE3E20C1-CC67-4A86-A7FE-AEB92951C715}.Debug|x86.ActiveCfg = Debug|Any CPU
		{AE3E20C1-CC67-4A86-A7FE-AEB92951C715}.Debug|x86.Build.0 = Debug|Any CPU
		{AE3E20C1-CC67-4A86-A7FE-AEB92951C715}.Release|Any CPU.ActiveCfg = Release|Any CPU
		{AE3E20C1-CC67-4A86-A7FE-AEB92951C715}.Release|Any CPU.Build.0 = Release|Any CPU
		{AE3E20C1-CC67-4A86-A7FE-AEB92951C715}.Release|x64.ActiveCfg = Release|Any CPU
		{AE3E20C1-CC67-4A86-A7FE-AEB92951C715}.Release|x64.Build.0 = Release|Any CPU
		{AE3E20C1-CC67-4A86-A7FE-AEB92951C715}.Release|x86.ActiveCfg = Release|Any CPU
		{AE3E20C1-CC67-4A86-A7FE-AEB92951C715}.Release|x86.Build.0 = Release|Any CPU
		{353E215D-8931-4513-9906-5C15DF2655C7}.Debug|Any CPU.ActiveCfg = Debug|Any CPU
		{353E215D-8931-4513-9906-5C15DF2655C7}.Debug|Any CPU.Build.0 = Debug|Any CPU
		{353E215D-8931-4513-9906-5C15DF2655C7}.Debug|x64.ActiveCfg = Debug|Any CPU
		{353E215D-8931-4513-9906-5C15DF2655C7}.Debug|x64.Build.0 = Debug|Any CPU
		{353E215D-8931-4513-9906-5C15DF2655C7}.Debug|x86.ActiveCfg = Debug|Any CPU
		{353E215D-8931-4513-9906-5C15DF2655C7}.Debug|x86.Build.0 = Debug|Any CPU
		{353E215D-8931-4513-9906-5C15DF2655C7}.Release|Any CPU.ActiveCfg = Release|Any CPU
		{353E215D-8931-4513-9906-5C15DF2655C7}.Release|Any CPU.Build.0 = Release|Any CPU
		{353E215D-8931-4513-9906-5C15DF2655C7}.Release|x64.ActiveCfg = Release|Any CPU
		{353E215D-8931-4513-9906-5C15DF2655C7}.Release|x64.Build.0 = Release|Any CPU
		{353E215D-8931-4513-9906-5C15DF2655C7}.Release|x86.ActiveCfg = Release|Any CPU
		{353E215D-8931-4513-9906-5C15DF2655C7}.Release|x86.Build.0 = Release|Any CPU
		{3BC0AC7E-3B3B-4D3F-9CC0-B2BDECC460A6}.Debug|Any CPU.ActiveCfg = Debug|Any CPU
		{3BC0AC7E-3B3B-4D3F-9CC0-B2BDECC460A6}.Debug|Any CPU.Build.0 = Debug|Any CPU
		{3BC0AC7E-3B3B-4D3F-9CC0-B2BDECC460A6}.Debug|Any CPU.Deploy.0 = Debug|Any CPU
		{3BC0AC7E-3B3B-4D3F-9CC0-B2BDECC460A6}.Debug|x64.ActiveCfg = Debug|x64
		{3BC0AC7E-3B3B-4D3F-9CC0-B2BDECC460A6}.Debug|x64.Build.0 = Debug|x64
		{3BC0AC7E-3B3B-4D3F-9CC0-B2BDECC460A6}.Debug|x64.Deploy.0 = Debug|x64
		{3BC0AC7E-3B3B-4D3F-9CC0-B2BDECC460A6}.Debug|x86.ActiveCfg = Debug|x86
		{3BC0AC7E-3B3B-4D3F-9CC0-B2BDECC460A6}.Debug|x86.Build.0 = Debug|x86
		{3BC0AC7E-3B3B-4D3F-9CC0-B2BDECC460A6}.Debug|x86.Deploy.0 = Debug|x86
		{3BC0AC7E-3B3B-4D3F-9CC0-B2BDECC460A6}.Release|Any CPU.ActiveCfg = Release|Any CPU
		{3BC0AC7E-3B3B-4D3F-9CC0-B2BDECC460A6}.Release|Any CPU.Build.0 = Release|Any CPU
		{3BC0AC7E-3B3B-4D3F-9CC0-B2BDECC460A6}.Release|Any CPU.Deploy.0 = Release|Any CPU
		{3BC0AC7E-3B3B-4D3F-9CC0-B2BDECC460A6}.Release|x64.ActiveCfg = Release|x64
		{3BC0AC7E-3B3B-4D3F-9CC0-B2BDECC460A6}.Release|x64.Build.0 = Release|x64
		{3BC0AC7E-3B3B-4D3F-9CC0-B2BDECC460A6}.Release|x64.Deploy.0 = Release|x64
		{3BC0AC7E-3B3B-4D3F-9CC0-B2BDECC460A6}.Release|x86.ActiveCfg = Release|x86
		{3BC0AC7E-3B3B-4D3F-9CC0-B2BDECC460A6}.Release|x86.Build.0 = Release|x86
		{3BC0AC7E-3B3B-4D3F-9CC0-B2BDECC460A6}.Release|x86.Deploy.0 = Release|x86
		{17BBEBF5-BD41-412D-9616-6C7E228F8E4A}.Debug|Any CPU.ActiveCfg = Debug|Any CPU
		{17BBEBF5-BD41-412D-9616-6C7E228F8E4A}.Debug|Any CPU.Build.0 = Debug|Any CPU
		{17BBEBF5-BD41-412D-9616-6C7E228F8E4A}.Debug|x64.ActiveCfg = Debug|Any CPU
		{17BBEBF5-BD41-412D-9616-6C7E228F8E4A}.Debug|x64.Build.0 = Debug|Any CPU
		{17BBEBF5-BD41-412D-9616-6C7E228F8E4A}.Debug|x86.ActiveCfg = Debug|Any CPU
		{17BBEBF5-BD41-412D-9616-6C7E228F8E4A}.Debug|x86.Build.0 = Debug|Any CPU
		{17BBEBF5-BD41-412D-9616-6C7E228F8E4A}.Release|Any CPU.ActiveCfg = Release|Any CPU
		{17BBEBF5-BD41-412D-9616-6C7E228F8E4A}.Release|Any CPU.Build.0 = Release|Any CPU
		{17BBEBF5-BD41-412D-9616-6C7E228F8E4A}.Release|x64.ActiveCfg = Release|Any CPU
		{17BBEBF5-BD41-412D-9616-6C7E228F8E4A}.Release|x64.Build.0 = Release|Any CPU
		{17BBEBF5-BD41-412D-9616-6C7E228F8E4A}.Release|x86.ActiveCfg = Release|Any CPU
		{17BBEBF5-BD41-412D-9616-6C7E228F8E4A}.Release|x86.Build.0 = Release|Any CPU
		{C8B8F5F4-A8A7-4B9E-811D-000CF38F6FB6}.Debug|Any CPU.ActiveCfg = Debug|Any CPU
		{C8B8F5F4-A8A7-4B9E-811D-000CF38F6FB6}.Debug|Any CPU.Build.0 = Debug|Any CPU
		{C8B8F5F4-A8A7-4B9E-811D-000CF38F6FB6}.Debug|x64.ActiveCfg = Debug|Any CPU
		{C8B8F5F4-A8A7-4B9E-811D-000CF38F6FB6}.Debug|x64.Build.0 = Debug|Any CPU
		{C8B8F5F4-A8A7-4B9E-811D-000CF38F6FB6}.Debug|x86.ActiveCfg = Debug|Any CPU
		{C8B8F5F4-A8A7-4B9E-811D-000CF38F6FB6}.Debug|x86.Build.0 = Debug|Any CPU
		{C8B8F5F4-A8A7-4B9E-811D-000CF38F6FB6}.Release|Any CPU.ActiveCfg = Release|Any CPU
		{C8B8F5F4-A8A7-4B9E-811D-000CF38F6FB6}.Release|Any CPU.Build.0 = Release|Any CPU
		{C8B8F5F4-A8A7-4B9E-811D-000CF38F6FB6}.Release|x64.ActiveCfg = Release|Any CPU
		{C8B8F5F4-A8A7-4B9E-811D-000CF38F6FB6}.Release|x64.Build.0 = Release|Any CPU
		{C8B8F5F4-A8A7-4B9E-811D-000CF38F6FB6}.Release|x86.ActiveCfg = Release|Any CPU
		{C8B8F5F4-A8A7-4B9E-811D-000CF38F6FB6}.Release|x86.Build.0 = Release|Any CPU
	EndGlobalSection
	GlobalSection(SolutionProperties) = preSolution
		HideSolutionNode = FALSE
	EndGlobalSection
	GlobalSection(ExtensibilityGlobals) = postSolution
		SolutionGuid = {F05CEB71-5BA9-4188-A71F-DA7214473C26}
	EndGlobalSection
EndGlobal
